
Microsoft Visual Studio Solution File, Format Version 12.00
# Visual Studio 14
VisualStudioVersion = 14.0.25420.1
MinimumVisualStudioVersion = 10.0.40219.1
Project("{FAE04EC0-301F-11D3-BF4B-00C04F79EFBC}") = "ImageService", "ImageService\ImageService.csproj", "{04FEDC98-2455-428E-999B-A20A5E49F92E}"
EndProject
Project("{FAE04EC0-301F-11D3-BF4B-00C04F79EFBC}") = "GUI", "GUI\GUI.csproj", "{21CD10F7-E805-459E-B883-ABCB0E2EA89C}"
EndProject
Project("{FAE04EC0-301F-11D3-BF4B-00C04F79EFBC}") = "SharedResources", "SharedResources\SharedResources.csproj", "{E4C0B003-757A-4E9F-ABE2-9FA4AB8B991A}"
EndProject
Global
	GlobalSection(SolutionConfigurationPlatforms) = preSolution
		Debug|Any CPU = Debug|Any CPU
		Release|Any CPU = Release|Any CPU
	EndGlobalSection
	GlobalSection(ProjectConfigurationPlatforms) = postSolution
		{04FEDC98-2455-428E-999B-A20A5E49F92E}.Debug|Any CPU.ActiveCfg = Debug|Any CPU
		{04FEDC98-2455-428E-999B-A20A5E49F92E}.Debug|Any CPU.Build.0 = Debug|Any CPU
		{04FEDC98-2455-428E-999B-A20A5E49F92E}.Release|Any CPU.ActiveCfg = Release|Any CPU
		{04FEDC98-2455-428E-999B-A20A5E49F92E}.Release|Any CPU.Build.0 = Release|Any CPU
		{21CD10F7-E805-459E-B883-ABCB0E2EA89C}.Debug|Any CPU.ActiveCfg = Debug|Any CPU
		{21CD10F7-E805-459E-B883-ABCB0E2EA89C}.Debug|Any CPU.Build.0 = Debug|Any CPU
		{21CD10F7-E805-459E-B883-ABCB0E2EA89C}.Release|Any CPU.ActiveCfg = Release|Any CPU
		{21CD10F7-E805-459E-B883-ABCB0E2EA89C}.Release|Any CPU.Build.0 = Release|Any CPU
		{E4C0B003-757A-4E9F-ABE2-9FA4AB8B991A}.Debug|Any CPU.ActiveCfg = Debug|Any CPU
		{E4C0B003-757A-4E9F-ABE2-9FA4AB8B991A}.Debug|Any CPU.Build.0 = Debug|Any CPU
		{E4C0B003-757A-4E9F-ABE2-9FA4AB8B991A}.Release|Any CPU.ActiveCfg = Release|Any CPU
		{E4C0B003-757A-4E9F-ABE2-9FA4AB8B991A}.Release|Any CPU.Build.0 = Release|Any CPU
	EndGlobalSection
	GlobalSection(SolutionProperties) = preSolution
		HideSolutionNode = FALSE
	EndGlobalSection
EndGlobal
